version: 1
locked: true
profile_id: node-typescript
detected_stack:
  id: node-typescript
  confidence: 0.8
  decision: confirm
enabled_packs:
  - core
  - stacks
  - workflows
  - roles
  - adapters
  - adapters.jetbrains
  - adapters.cursor
overrides_ref: aagf/docs/spec/project/overrides.yaml
generated_targets:
  - jetbrains
  - cursor
root_agents:
  mode: merge
  overwrite: false
  confirmed: true
governance:
  active_commenting_profile: node-typescript.tsdoc-v1
  commenting_profiles_ref: aagf/docs/spec/stacks/comment-doc-profiles.yaml
