version: 1
locked: false
profile_id: manual-profile
detected_stack:
  id: unknown
  confidence: 0
  decision: unknown
  source: mcp
  session_id: none
  status: pending-confirm
  stack_context_ref: aagf/docs/spec/project/stack-context.yaml
enabled_packs:
  - core
  - stacks
  - workflows
  - roles
  - adapters
  - adapters.jetbrains
  - adapters.cursor
overrides_ref: aagf/docs/spec/project/overrides.yaml
generated_targets:
  - jetbrains
  - cursor
root_agents:
  mode: replace
  overwrite: true
  confirmed: false
governance:
  active_commenting_profile: generic.commenting-v1
  commenting_profiles_ref: aagf/docs/spec/stacks/comment-doc-profiles.yaml
